
Microsoft Visual Studio Solution File, Format Version 12.00
# Visual Studio Version 17
VisualStudioVersion = 17.0.31903.59
MinimumVisualStudioVersion = 10.0.40219.1
Project("{9A19103F-16F7-4668-BE54-9A1E7A4F7556}") = "API", "API\API.csproj", "{4111D367-7905-439D-AE8C-B861119157F1}"
EndProject
Project("{FAE04EC0-301F-11D3-BF4B-00C04F79EFBC}") = "Core", "Core\Core.csproj", "{6387B2DC-5BE2-425B-BD9F-8497634E856F}"
EndProject
Project("{FAE04EC0-301F-11D3-BF4B-00C04F79EFBC}") = "Infrastructure", "Infrastructure\Infrastructure.csproj", "{51B97BD9-148A-4ACC-8CDD-972564F8CCA7}"
EndProject
Global
	GlobalSection(SolutionConfigurationPlatforms) = preSolution
		Debug|Any CPU = Debug|Any CPU
		Release|Any CPU = Release|Any CPU
	EndGlobalSection
	GlobalSection(ProjectConfigurationPlatforms) = postSolution
		{4111D367-7905-439D-AE8C-B861119157F1}.Debug|Any CPU.ActiveCfg = Debug|Any CPU
		{4111D367-7905-439D-AE8C-B861119157F1}.Debug|Any CPU.Build.0 = Debug|Any CPU
		{4111D367-7905-439D-AE8C-B861119157F1}.Release|Any CPU.ActiveCfg = Release|Any CPU
		{4111D367-7905-439D-AE8C-B861119157F1}.Release|Any CPU.Build.0 = Release|Any CPU
		{6387B2DC-5BE2-425B-BD9F-8497634E856F}.Debug|Any CPU.ActiveCfg = Debug|Any CPU
		{6387B2DC-5BE2-425B-BD9F-8497634E856F}.Debug|Any CPU.Build.0 = Debug|Any CPU
		{6387B2DC-5BE2-425B-BD9F-8497634E856F}.Release|Any CPU.ActiveCfg = Release|Any CPU
		{6387B2DC-5BE2-425B-BD9F-8497634E856F}.Release|Any CPU.Build.0 = Release|Any CPU
		{51B97BD9-148A-4ACC-8CDD-972564F8CCA7}.Debug|Any CPU.ActiveCfg = Debug|Any CPU
		{51B97BD9-148A-4ACC-8CDD-972564F8CCA7}.Debug|Any CPU.Build.0 = Debug|Any CPU
		{51B97BD9-148A-4ACC-8CDD-972564F8CCA7}.Release|Any CPU.ActiveCfg = Release|Any CPU
		{51B97BD9-148A-4ACC-8CDD-972564F8CCA7}.Release|Any CPU.Build.0 = Release|Any CPU
	EndGlobalSection
	GlobalSection(SolutionProperties) = preSolution
		HideSolutionNode = FALSE
	EndGlobalSection
	GlobalSection(ExtensibilityGlobals) = postSolution
		SolutionGuid = {E3DA12CA-C585-42A8-8DD2-7A6C0E7D8D83}
	EndGlobalSection
EndGlobal
