
Microsoft Visual Studio Solution File, Format Version 12.00
# Visual Studio Version 17
VisualStudioVersion = 17.0.31903.59
MinimumVisualStudioVersion = 10.0.40219.1
Project("{9A19103F-16F7-4668-BE54-9A1E7A4F7556}") = "API", "API\API.csproj", "{F32ABADD-A4FD-499C-941E-B23CEF460140}"
EndProject
Project("{9A19103F-16F7-4668-BE54-9A1E7A4F7556}") = "Core", "Core\Core.csproj", "{38DCDD49-E1DE-43C8-A2BA-5776A75D274B}"
EndProject
Project("{9A19103F-16F7-4668-BE54-9A1E7A4F7556}") = "Infrastructure", "Infrastructure\Infrastructure.csproj", "{83B364CF-BEBF-407F-A59C-121534E627F4}"
EndProject
Global
	GlobalSection(SolutionConfigurationPlatforms) = preSolution
		Debug|Any CPU = Debug|Any CPU
		Release|Any CPU = Release|Any CPU
	EndGlobalSection
	GlobalSection(ProjectConfigurationPlatforms) = postSolution
		{F32ABADD-A4FD-499C-941E-B23CEF460140}.Debug|Any CPU.ActiveCfg = Debug|Any CPU
		{F32ABADD-A4FD-499C-941E-B23CEF460140}.Debug|Any CPU.Build.0 = Debug|Any CPU
		{F32ABADD-A4FD-499C-941E-B23CEF460140}.Release|Any CPU.ActiveCfg = Release|Any CPU
		{F32ABADD-A4FD-499C-941E-B23CEF460140}.Release|Any CPU.Build.0 = Release|Any CPU
		{38DCDD49-E1DE-43C8-A2BA-5776A75D274B}.Debug|Any CPU.ActiveCfg = Debug|Any CPU
		{38DCDD49-E1DE-43C8-A2BA-5776A75D274B}.Debug|Any CPU.Build.0 = Debug|Any CPU
		{38DCDD49-E1DE-43C8-A2BA-5776A75D274B}.Release|Any CPU.ActiveCfg = Release|Any CPU
		{38DCDD49-E1DE-43C8-A2BA-5776A75D274B}.Release|Any CPU.Build.0 = Release|Any CPU
		{83B364CF-BEBF-407F-A59C-121534E627F4}.Debug|Any CPU.ActiveCfg = Debug|Any CPU
		{83B364CF-BEBF-407F-A59C-121534E627F4}.Debug|Any CPU.Build.0 = Debug|Any CPU
		{83B364CF-BEBF-407F-A59C-121534E627F4}.Release|Any CPU.ActiveCfg = Release|Any CPU
		{83B364CF-BEBF-407F-A59C-121534E627F4}.Release|Any CPU.Build.0 = Release|Any CPU
	EndGlobalSection
	GlobalSection(SolutionProperties) = preSolution
		HideSolutionNode = FALSE
	EndGlobalSection
	GlobalSection(ExtensibilityGlobals) = postSolution
		SolutionGuid = {E3DA12CA-C585-42A8-8DD2-7A6C0E7D8D83}
	EndGlobalSection
EndGlobal
